
Microsoft Visual Studio Solution File, Format Version 12.00
# Visual Studio Version 17
VisualStudioVersion = 17.0.32014.148
MinimumVisualStudioVersion = 10.0.40219.1
Project("{2150E333-8FDC-42A3-9474-1A3956D46DE8}") = "src", "src", "{FA5EDB28-15AE-47D8-A168-432FF68AC56B}"
EndProject
Project("{2150E333-8FDC-42A3-9474-1A3956D46DE8}") = "creational", "creational", "{E5113FC6-E2BE-4404-98D7-A1C9CF4E7DF9}"
EndProject
Project("{2150E333-8FDC-42A3-9474-1A3956D46DE8}") = "structural", "structural", "{C70636E0-D3A0-4ECE-B1A7-938225AC5527}"
EndProject
Project("{2150E333-8FDC-42A3-9474-1A3956D46DE8}") = "behavioral", "behavioral", "{2EC27B0F-A121-425B-B60C-F73AFE3C0CCD}"
EndProject
Project("{9A19103F-16F7-4668-BE54-9A1E7A4F7556}") = "Singleton", "src\creational\Singleton\Singleton.csproj", "{97E0CAD6-680C-4220-80F9-F60ED68E1637}"
EndProject
Project("{9A19103F-16F7-4668-BE54-9A1E7A4F7556}") = "FactoryMethod", "src\creational\FactoryMethod\FactoryMethod.csproj", "{B1D99ED8-ADE6-4C61-A458-178329A56C84}"
EndProject
Project("{9A19103F-16F7-4668-BE54-9A1E7A4F7556}") = "AbstractFactoryPattern", "src\creational\AbstractFactoryPattern\AbstractFactoryPattern.csproj", "{D6AC9C99-13E2-42C1-949C-AA9C252494A8}"
EndProject
Project("{9A19103F-16F7-4668-BE54-9A1E7A4F7556}") = "BuilderPattern", "src\creational\BuilderPattern\BuilderPattern.csproj", "{6740C568-581D-458A-8FF9-C7EB27BBF1D3}"
EndProject
Project("{9A19103F-16F7-4668-BE54-9A1E7A4F7556}") = "Prototype", "src\creational\Prototype\Prototype.csproj", "{8E11ED0D-AB48-4372-B367-8650E3643890}"
EndProject
Project("{9A19103F-16F7-4668-BE54-9A1E7A4F7556}") = "Decorator", "src\structural\Decorator\Decorator.csproj", "{99E5BB4A-41F1-4DFC-A575-DC6C9B300303}"
EndProject
Project("{FAE04EC0-301F-11D3-BF4B-00C04F79EFBC}") = "Adapter", "src\structural\Adapter\Adapter.csproj", "{BC49C50D-852E-4554-96C0-DF206879E2AE}"
EndProject
Project("{FAE04EC0-301F-11D3-BF4B-00C04F79EFBC}") = "Proxy", "src\structural\Proxy\Proxy.csproj", "{14A4956F-56B4-4D72-B923-973AADEF4051}"
EndProject
Project("{FAE04EC0-301F-11D3-BF4B-00C04F79EFBC}") = "Facade", "src\structural\Facade\Facade.csproj", "{751AA505-8026-442F-8140-BCC76B4C31D1}"
EndProject
Project("{FAE04EC0-301F-11D3-BF4B-00C04F79EFBC}") = "Bridge", "src\structural\Bridge\Bridge.csproj", "{726C39AE-5DBB-4F5B-8954-548805253FA4}"
EndProject
Project("{FAE04EC0-301F-11D3-BF4B-00C04F79EFBC}") = "Mediator", "src\behavioral\Mediator\Mediator.csproj", "{4A888CAE-26E4-4813-B00A-E6D69F52D58F}"
EndProject
Project("{FAE04EC0-301F-11D3-BF4B-00C04F79EFBC}") = "Observer", "src\behavioral\Observer\Observer.csproj", "{75722620-C708-413B-8026-A0874BD0BA31}"
EndProject
Global
	GlobalSection(SolutionConfigurationPlatforms) = preSolution
		Debug|Any CPU = Debug|Any CPU
		Release|Any CPU = Release|Any CPU
	EndGlobalSection
	GlobalSection(ProjectConfigurationPlatforms) = postSolution
		{97E0CAD6-680C-4220-80F9-F60ED68E1637}.Debug|Any CPU.ActiveCfg = Debug|Any CPU
		{97E0CAD6-680C-4220-80F9-F60ED68E1637}.Debug|Any CPU.Build.0 = Debug|Any CPU
		{97E0CAD6-680C-4220-80F9-F60ED68E1637}.Release|Any CPU.ActiveCfg = Release|Any CPU
		{97E0CAD6-680C-4220-80F9-F60ED68E1637}.Release|Any CPU.Build.0 = Release|Any CPU
		{B1D99ED8-ADE6-4C61-A458-178329A56C84}.Debug|Any CPU.ActiveCfg = Debug|Any CPU
		{B1D99ED8-ADE6-4C61-A458-178329A56C84}.Debug|Any CPU.Build.0 = Debug|Any CPU
		{B1D99ED8-ADE6-4C61-A458-178329A56C84}.Release|Any CPU.ActiveCfg = Release|Any CPU
		{B1D99ED8-ADE6-4C61-A458-178329A56C84}.Release|Any CPU.Build.0 = Release|Any CPU
		{D6AC9C99-13E2-42C1-949C-AA9C252494A8}.Debug|Any CPU.ActiveCfg = Debug|Any CPU
		{D6AC9C99-13E2-42C1-949C-AA9C252494A8}.Debug|Any CPU.Build.0 = Debug|Any CPU
		{D6AC9C99-13E2-42C1-949C-AA9C252494A8}.Release|Any CPU.ActiveCfg = Release|Any CPU
		{D6AC9C99-13E2-42C1-949C-AA9C252494A8}.Release|Any CPU.Build.0 = Release|Any CPU
		{6740C568-581D-458A-8FF9-C7EB27BBF1D3}.Debug|Any CPU.ActiveCfg = Debug|Any CPU
		{6740C568-581D-458A-8FF9-C7EB27BBF1D3}.Debug|Any CPU.Build.0 = Debug|Any CPU
		{6740C568-581D-458A-8FF9-C7EB27BBF1D3}.Release|Any CPU.ActiveCfg = Release|Any CPU
		{6740C568-581D-458A-8FF9-C7EB27BBF1D3}.Release|Any CPU.Build.0 = Release|Any CPU
		{8E11ED0D-AB48-4372-B367-8650E3643890}.Debug|Any CPU.ActiveCfg = Debug|Any CPU
		{8E11ED0D-AB48-4372-B367-8650E3643890}.Debug|Any CPU.Build.0 = Debug|Any CPU
		{8E11ED0D-AB48-4372-B367-8650E3643890}.Release|Any CPU.ActiveCfg = Release|Any CPU
		{8E11ED0D-AB48-4372-B367-8650E3643890}.Release|Any CPU.Build.0 = Release|Any CPU
		{99E5BB4A-41F1-4DFC-A575-DC6C9B300303}.Debug|Any CPU.ActiveCfg = Debug|Any CPU
		{99E5BB4A-41F1-4DFC-A575-DC6C9B300303}.Debug|Any CPU.Build.0 = Debug|Any CPU
		{99E5BB4A-41F1-4DFC-A575-DC6C9B300303}.Release|Any CPU.ActiveCfg = Release|Any CPU
		{99E5BB4A-41F1-4DFC-A575-DC6C9B300303}.Release|Any CPU.Build.0 = Release|Any CPU
		{BC49C50D-852E-4554-96C0-DF206879E2AE}.Debug|Any CPU.ActiveCfg = Debug|Any CPU
		{BC49C50D-852E-4554-96C0-DF206879E2AE}.Debug|Any CPU.Build.0 = Debug|Any CPU
		{BC49C50D-852E-4554-96C0-DF206879E2AE}.Release|Any CPU.ActiveCfg = Release|Any CPU
		{BC49C50D-852E-4554-96C0-DF206879E2AE}.Release|Any CPU.Build.0 = Release|Any CPU
		{14A4956F-56B4-4D72-B923-973AADEF4051}.Debug|Any CPU.ActiveCfg = Debug|Any CPU
		{14A4956F-56B4-4D72-B923-973AADEF4051}.Debug|Any CPU.Build.0 = Debug|Any CPU
		{14A4956F-56B4-4D72-B923-973AADEF4051}.Release|Any CPU.ActiveCfg = Release|Any CPU
		{14A4956F-56B4-4D72-B923-973AADEF4051}.Release|Any CPU.Build.0 = Release|Any CPU
		{751AA505-8026-442F-8140-BCC76B4C31D1}.Debug|Any CPU.ActiveCfg = Debug|Any CPU
		{751AA505-8026-442F-8140-BCC76B4C31D1}.Debug|Any CPU.Build.0 = Debug|Any CPU
		{751AA505-8026-442F-8140-BCC76B4C31D1}.Release|Any CPU.ActiveCfg = Release|Any CPU
		{751AA505-8026-442F-8140-BCC76B4C31D1}.Release|Any CPU.Build.0 = Release|Any CPU
		{726C39AE-5DBB-4F5B-8954-548805253FA4}.Debug|Any CPU.ActiveCfg = Debug|Any CPU
		{726C39AE-5DBB-4F5B-8954-548805253FA4}.Debug|Any CPU.Build.0 = Debug|Any CPU
		{726C39AE-5DBB-4F5B-8954-548805253FA4}.Release|Any CPU.ActiveCfg = Release|Any CPU
		{726C39AE-5DBB-4F5B-8954-548805253FA4}.Release|Any CPU.Build.0 = Release|Any CPU
		{4A888CAE-26E4-4813-B00A-E6D69F52D58F}.Debug|Any CPU.ActiveCfg = Debug|Any CPU
		{4A888CAE-26E4-4813-B00A-E6D69F52D58F}.Debug|Any CPU.Build.0 = Debug|Any CPU
		{4A888CAE-26E4-4813-B00A-E6D69F52D58F}.Release|Any CPU.ActiveCfg = Release|Any CPU
		{4A888CAE-26E4-4813-B00A-E6D69F52D58F}.Release|Any CPU.Build.0 = Release|Any CPU
		{75722620-C708-413B-8026-A0874BD0BA31}.Debug|Any CPU.ActiveCfg = Debug|Any CPU
		{75722620-C708-413B-8026-A0874BD0BA31}.Debug|Any CPU.Build.0 = Debug|Any CPU
		{75722620-C708-413B-8026-A0874BD0BA31}.Release|Any CPU.ActiveCfg = Release|Any CPU
		{75722620-C708-413B-8026-A0874BD0BA31}.Release|Any CPU.Build.0 = Release|Any CPU
	EndGlobalSection
	GlobalSection(SolutionProperties) = preSolution
		HideSolutionNode = FALSE
	EndGlobalSection
	GlobalSection(NestedProjects) = preSolution
		{E5113FC6-E2BE-4404-98D7-A1C9CF4E7DF9} = {FA5EDB28-15AE-47D8-A168-432FF68AC56B}
		{C70636E0-D3A0-4ECE-B1A7-938225AC5527} = {FA5EDB28-15AE-47D8-A168-432FF68AC56B}
		{2EC27B0F-A121-425B-B60C-F73AFE3C0CCD} = {FA5EDB28-15AE-47D8-A168-432FF68AC56B}
		{97E0CAD6-680C-4220-80F9-F60ED68E1637} = {E5113FC6-E2BE-4404-98D7-A1C9CF4E7DF9}
		{B1D99ED8-ADE6-4C61-A458-178329A56C84} = {E5113FC6-E2BE-4404-98D7-A1C9CF4E7DF9}
		{D6AC9C99-13E2-42C1-949C-AA9C252494A8} = {E5113FC6-E2BE-4404-98D7-A1C9CF4E7DF9}
		{6740C568-581D-458A-8FF9-C7EB27BBF1D3} = {E5113FC6-E2BE-4404-98D7-A1C9CF4E7DF9}
		{8E11ED0D-AB48-4372-B367-8650E3643890} = {E5113FC6-E2BE-4404-98D7-A1C9CF4E7DF9}
		{99E5BB4A-41F1-4DFC-A575-DC6C9B300303} = {C70636E0-D3A0-4ECE-B1A7-938225AC5527}
		{BC49C50D-852E-4554-96C0-DF206879E2AE} = {C70636E0-D3A0-4ECE-B1A7-938225AC5527}
		{14A4956F-56B4-4D72-B923-973AADEF4051} = {C70636E0-D3A0-4ECE-B1A7-938225AC5527}
		{751AA505-8026-442F-8140-BCC76B4C31D1} = {C70636E0-D3A0-4ECE-B1A7-938225AC5527}
		{726C39AE-5DBB-4F5B-8954-548805253FA4} = {C70636E0-D3A0-4ECE-B1A7-938225AC5527}
		{4A888CAE-26E4-4813-B00A-E6D69F52D58F} = {2EC27B0F-A121-425B-B60C-F73AFE3C0CCD}
		{75722620-C708-413B-8026-A0874BD0BA31} = {2EC27B0F-A121-425B-B60C-F73AFE3C0CCD}
	EndGlobalSection
	GlobalSection(ExtensibilityGlobals) = postSolution
		SolutionGuid = {BFEA4F30-86AD-4920-A9FC-1A452B223BCA}
	EndGlobalSection
EndGlobal
